
Microsoft Visual Studio Solution File, Format Version 12.00
# Visual Studio Version 17
VisualStudioVersion = 17.9.34526.213
MinimumVisualStudioVersion = 10.0.40219.1
Project("{FAE04EC0-301F-11D3-BF4B-00C04F79EFBC}") = "Desafios_Sesion8", "Desafios_Sesion8.csproj", "{9BE65F52-1BEF-4965-8703-CDC6AE8DAE98}"
EndProject
Global
	GlobalSection(SolutionConfigurationPlatforms) = preSolution
		Debug|Any CPU = Debug|Any CPU
		Release|Any CPU = Release|Any CPU
	EndGlobalSection
	GlobalSection(ProjectConfigurationPlatforms) = postSolution
		{9BE65F52-1BEF-4965-8703-CDC6AE8DAE98}.Debug|Any CPU.ActiveCfg = Debug|Any CPU
		{9BE65F52-1BEF-4965-8703-CDC6AE8DAE98}.Debug|Any CPU.Build.0 = Debug|Any CPU
		{9BE65F52-1BEF-4965-8703-CDC6AE8DAE98}.Release|Any CPU.ActiveCfg = Release|Any CPU
		{9BE65F52-1BEF-4965-8703-CDC6AE8DAE98}.Release|Any CPU.Build.0 = Release|Any CPU
	EndGlobalSection
	GlobalSection(SolutionProperties) = preSolution
		HideSolutionNode = FALSE
	EndGlobalSection
	GlobalSection(ExtensibilityGlobals) = postSolution
		SolutionGuid = {D0371FF4-EF5E-48C7-BD5F-AF3FBBBF52C5}
	EndGlobalSection
EndGlobal
