
Microsoft Visual Studio Solution File, Format Version 12.00
# Visual Studio Version 17
VisualStudioVersion = 17.9.34526.213
MinimumVisualStudioVersion = 10.0.40219.1
Project("{FAE04EC0-301F-11D3-BF4B-00C04F79EFBC}") = "Parte1, Desafío3", "Parte1, Desafío3.csproj", "{4B2B0DCF-9342-4364-89B8-66020179B8C1}"
EndProject
Global
	GlobalSection(SolutionConfigurationPlatforms) = preSolution
		Debug|Any CPU = Debug|Any CPU
		Release|Any CPU = Release|Any CPU
	EndGlobalSection
	GlobalSection(ProjectConfigurationPlatforms) = postSolution
		{4B2B0DCF-9342-4364-89B8-66020179B8C1}.Debug|Any CPU.ActiveCfg = Debug|Any CPU
		{4B2B0DCF-9342-4364-89B8-66020179B8C1}.Debug|Any CPU.Build.0 = Debug|Any CPU
		{4B2B0DCF-9342-4364-89B8-66020179B8C1}.Release|Any CPU.ActiveCfg = Release|Any CPU
		{4B2B0DCF-9342-4364-89B8-66020179B8C1}.Release|Any CPU.Build.0 = Release|Any CPU
	EndGlobalSection
	GlobalSection(SolutionProperties) = preSolution
		HideSolutionNode = FALSE
	EndGlobalSection
	GlobalSection(ExtensibilityGlobals) = postSolution
		SolutionGuid = {178711B9-F5F3-4355-A566-FEDAEA26E722}
	EndGlobalSection
EndGlobal
