
Microsoft Visual Studio Solution File, Format Version 12.00
# Visual Studio Version 17
VisualStudioVersion = 17.9.34526.213
MinimumVisualStudioVersion = 10.0.40219.1
Project("{FAE04EC0-301F-11D3-BF4B-00C04F79EFBC}") = "practicapoo", "practicapoo.csproj", "{76571DA6-C42C-427A-9815-18AE9C6AA928}"
EndProject
Global
	GlobalSection(SolutionConfigurationPlatforms) = preSolution
		Debug|Any CPU = Debug|Any CPU
		Release|Any CPU = Release|Any CPU
	EndGlobalSection
	GlobalSection(ProjectConfigurationPlatforms) = postSolution
		{76571DA6-C42C-427A-9815-18AE9C6AA928}.Debug|Any CPU.ActiveCfg = Debug|Any CPU
		{76571DA6-C42C-427A-9815-18AE9C6AA928}.Debug|Any CPU.Build.0 = Debug|Any CPU
		{76571DA6-C42C-427A-9815-18AE9C6AA928}.Release|Any CPU.ActiveCfg = Release|Any CPU
		{76571DA6-C42C-427A-9815-18AE9C6AA928}.Release|Any CPU.Build.0 = Release|Any CPU
	EndGlobalSection
	GlobalSection(SolutionProperties) = preSolution
		HideSolutionNode = FALSE
	EndGlobalSection
	GlobalSection(ExtensibilityGlobals) = postSolution
		SolutionGuid = {E4A289B7-ECA6-4B61-B9FD-D11759D3868C}
	EndGlobalSection
EndGlobal
