
Microsoft Visual Studio Solution File, Format Version 12.00
# Visual Studio Version 17
VisualStudioVersion = 17.9.34526.213
MinimumVisualStudioVersion = 10.0.40219.1
Project("{FAE04EC0-301F-11D3-BF4B-00C04F79EFBC}") = "Desafio_1", "Desafio_1.csproj", "{6C1EDAD9-7FE1-4596-BD8A-55CDE7EADCE6}"
EndProject
Global
	GlobalSection(SolutionConfigurationPlatforms) = preSolution
		Debug|Any CPU = Debug|Any CPU
		Release|Any CPU = Release|Any CPU
	EndGlobalSection
	GlobalSection(ProjectConfigurationPlatforms) = postSolution
		{6C1EDAD9-7FE1-4596-BD8A-55CDE7EADCE6}.Debug|Any CPU.ActiveCfg = Debug|Any CPU
		{6C1EDAD9-7FE1-4596-BD8A-55CDE7EADCE6}.Debug|Any CPU.Build.0 = Debug|Any CPU
		{6C1EDAD9-7FE1-4596-BD8A-55CDE7EADCE6}.Release|Any CPU.ActiveCfg = Release|Any CPU
		{6C1EDAD9-7FE1-4596-BD8A-55CDE7EADCE6}.Release|Any CPU.Build.0 = Release|Any CPU
	EndGlobalSection
	GlobalSection(SolutionProperties) = preSolution
		HideSolutionNode = FALSE
	EndGlobalSection
	GlobalSection(ExtensibilityGlobals) = postSolution
		SolutionGuid = {41C9E430-55F2-4BBD-811B-EAEC5B000370}
	EndGlobalSection
EndGlobal
